
Microsoft Visual Studio Solution File, Format Version 12.00
Project("{FAE04EC0-301F-11D3-BF4B-00C04F79EFBC}") = "Emailer", "Emailer\Emailer.csproj", "{2D76A487-B4C9-4C72-A588-561F9D781A64}"
EndProject
Project("{FAE04EC0-301F-11D3-BF4B-00C04F79EFBC}") = "Inventory", "Inventory\Inventory.csproj", "{41E802CD-2A7A-4771-A73E-379813E9E9E6}"
EndProject
Project("{FAE04EC0-301F-11D3-BF4B-00C04F79EFBC}") = "Auto-Save", "Auto-Save\Auto-Save.csproj", "{2D9D7CF8-5F80-48AE-9252-7F33C88942D6}"
EndProject
Project("{FAE04EC0-301F-11D3-BF4B-00C04F79EFBC}") = "User-Profile-Photo-Batch-Upload", "User-Profile-Photo-Batch-Upload\User-Profile-Photo-Batch-Upload.csproj", "{B0E4DAE9-D6E1-4B23-8797-41D86D203B34}"
EndProject
Project("{FAE04EC0-301F-11D3-BF4B-00C04F79EFBC}") = "Concurrent-Subtitile-Downloader", "Concurrent-Subtitile-Downloader\Concurrent-Subtitile-Downloader.csproj", "{C5B35067-A0D7-4AD3-ADFF-934603201A89}"
EndProject
Project("{FAE04EC0-301F-11D3-BF4B-00C04F79EFBC}") = "Live-Matrics-Dashboard", "Live-Matrics-Dashboard\Live-Matrics-Dashboard.csproj", "{A74117A3-F8A2-445C-BD49-866907603520}"
EndProject
Project("{FAE04EC0-301F-11D3-BF4B-00C04F79EFBC}") = "Video-Uploader-And-Conversion", "Video-Uploader-And-Conversion\Video-Uploader-And-Conversion.csproj", "{AA0F458F-653E-4106-BBBD-18F17EA6CA2C}"
EndProject
Global
	GlobalSection(SolutionConfigurationPlatforms) = preSolution
		Debug|Any CPU = Debug|Any CPU
		Release|Any CPU = Release|Any CPU
	EndGlobalSection
	GlobalSection(ProjectConfigurationPlatforms) = postSolution
		{2D76A487-B4C9-4C72-A588-561F9D781A64}.Debug|Any CPU.ActiveCfg = Debug|Any CPU
		{2D76A487-B4C9-4C72-A588-561F9D781A64}.Debug|Any CPU.Build.0 = Debug|Any CPU
		{2D76A487-B4C9-4C72-A588-561F9D781A64}.Release|Any CPU.ActiveCfg = Release|Any CPU
		{2D76A487-B4C9-4C72-A588-561F9D781A64}.Release|Any CPU.Build.0 = Release|Any CPU
		{41E802CD-2A7A-4771-A73E-379813E9E9E6}.Debug|Any CPU.ActiveCfg = Debug|Any CPU
		{41E802CD-2A7A-4771-A73E-379813E9E9E6}.Debug|Any CPU.Build.0 = Debug|Any CPU
		{41E802CD-2A7A-4771-A73E-379813E9E9E6}.Release|Any CPU.ActiveCfg = Release|Any CPU
		{41E802CD-2A7A-4771-A73E-379813E9E9E6}.Release|Any CPU.Build.0 = Release|Any CPU
		{2D9D7CF8-5F80-48AE-9252-7F33C88942D6}.Debug|Any CPU.ActiveCfg = Debug|Any CPU
		{2D9D7CF8-5F80-48AE-9252-7F33C88942D6}.Debug|Any CPU.Build.0 = Debug|Any CPU
		{2D9D7CF8-5F80-48AE-9252-7F33C88942D6}.Release|Any CPU.ActiveCfg = Release|Any CPU
		{2D9D7CF8-5F80-48AE-9252-7F33C88942D6}.Release|Any CPU.Build.0 = Release|Any CPU
		{B0E4DAE9-D6E1-4B23-8797-41D86D203B34}.Debug|Any CPU.ActiveCfg = Debug|Any CPU
		{B0E4DAE9-D6E1-4B23-8797-41D86D203B34}.Debug|Any CPU.Build.0 = Debug|Any CPU
		{B0E4DAE9-D6E1-4B23-8797-41D86D203B34}.Release|Any CPU.ActiveCfg = Release|Any CPU
		{B0E4DAE9-D6E1-4B23-8797-41D86D203B34}.Release|Any CPU.Build.0 = Release|Any CPU
		{C5B35067-A0D7-4AD3-ADFF-934603201A89}.Debug|Any CPU.ActiveCfg = Debug|Any CPU
		{C5B35067-A0D7-4AD3-ADFF-934603201A89}.Debug|Any CPU.Build.0 = Debug|Any CPU
		{C5B35067-A0D7-4AD3-ADFF-934603201A89}.Release|Any CPU.ActiveCfg = Release|Any CPU
		{C5B35067-A0D7-4AD3-ADFF-934603201A89}.Release|Any CPU.Build.0 = Release|Any CPU
		{A74117A3-F8A2-445C-BD49-866907603520}.Debug|Any CPU.ActiveCfg = Debug|Any CPU
		{A74117A3-F8A2-445C-BD49-866907603520}.Debug|Any CPU.Build.0 = Debug|Any CPU
		{A74117A3-F8A2-445C-BD49-866907603520}.Release|Any CPU.ActiveCfg = Release|Any CPU
		{A74117A3-F8A2-445C-BD49-866907603520}.Release|Any CPU.Build.0 = Release|Any CPU
		{AA0F458F-653E-4106-BBBD-18F17EA6CA2C}.Debug|Any CPU.ActiveCfg = Debug|Any CPU
		{AA0F458F-653E-4106-BBBD-18F17EA6CA2C}.Debug|Any CPU.Build.0 = Debug|Any CPU
		{AA0F458F-653E-4106-BBBD-18F17EA6CA2C}.Release|Any CPU.ActiveCfg = Release|Any CPU
		{AA0F458F-653E-4106-BBBD-18F17EA6CA2C}.Release|Any CPU.Build.0 = Release|Any CPU
	EndGlobalSection
EndGlobal
